Microsoft Visual Studio Solution File, Format Version 12.00
# Visual Studio Version 18
VisualStudioVersion = 18.7.11925.98 stable
MinimumVisualStudioVersion = 10.0.40219.1
Project("{FAE04EC0-301F-11D3-BF4B-00C04F79EFBC}") = "HelloV.Core", "src\HelloV.Core\HelloV.Core.csproj", "{6CF3B564-2690-4CEE-9D9A-57A240C4C5C0}"
EndProject
Project("{FAE04EC0-301F-11D3-BF4B-00C04F79EFBC}") = "HelloV.Desktop", "src\HelloV.Desktop\HelloV.Desktop.csproj", "{6CA82412-C777-461D-9AF9-5E236526BAE7}"
EndProject
Project("{FAE04EC0-301F-11D3-BF4B-00C04F79EFBC}") = "HelloV.Android", "src\HelloV.Android\HelloV.Android.csproj", "{C62F0759-A3ED-4ED0-AFA2-8FD83D08445A}"
EndProject
Project("{FAE04EC0-301F-11D3-BF4B-00C04F79EFBC}") = "HelloV.iOS", "src\HelloV.iOS\HelloV.iOS.csproj", "{AC754D68-B807-47FA-AC61-5F67C20BBA64}"
EndProject
Global
	GlobalSection(SolutionConfigurationPlatforms) = preSolution
		Debug|Any CPU = Debug|Any CPU
		Release|Any CPU = Release|Any CPU
	EndGlobalSection
	GlobalSection(ProjectConfigurationPlatforms) = postSolution
		{6CF3B564-2690-4CEE-9D9A-57A240C4C5C0}.Debug|Any CPU.ActiveCfg = Debug|Any CPU
		{6CF3B564-2690-4CEE-9D9A-57A240C4C5C0}.Debug|Any CPU.Build.0 = Debug|Any CPU
		{6CF3B564-2690-4CEE-9D9A-57A240C4C5C0}.Release|Any CPU.ActiveCfg = Release|Any CPU
		{6CF3B564-2690-4CEE-9D9A-57A240C4C5C0}.Release|Any CPU.Build.0 = Release|Any CPU
		{6CA82412-C777-461D-9AF9-5E236526BAE7}.Debug|Any CPU.ActiveCfg = Debug|Any CPU
		{6CA82412-C777-461D-9AF9-5E236526BAE7}.Debug|Any CPU.Build.0 = Debug|Any CPU
		{6CA82412-C777-461D-9AF9-5E236526BAE7}.Release|Any CPU.ActiveCfg = Release|Any CPU
		{6CA82412-C777-461D-9AF9-5E236526BAE7}.Release|Any CPU.Build.0 = Release|Any CPU
		{C62F0759-A3ED-4ED0-AFA2-8FD83D08445A}.Debug|Any CPU.ActiveCfg = Debug|Any CPU
		{C62F0759-A3ED-4ED0-AFA2-8FD83D08445A}.Debug|Any CPU.Build.0 = Debug|Any CPU
		{C62F0759-A3ED-4ED0-AFA2-8FD83D08445A}.Debug|Any CPU.Deploy.0 = Debug|Any CPU
		{C62F0759-A3ED-4ED0-AFA2-8FD83D08445A}.Release|Any CPU.ActiveCfg = Release|Any CPU
		{C62F0759-A3ED-4ED0-AFA2-8FD83D08445A}.Release|Any CPU.Build.0 = Release|Any CPU
		{C62F0759-A3ED-4ED0-AFA2-8FD83D08445A}.Release|Any CPU.Deploy.0 = Release|Any CPU
		{AC754D68-B807-47FA-AC61-5F67C20BBA64}.Debug|Any CPU.ActiveCfg = Debug|Any CPU
		{AC754D68-B807-47FA-AC61-5F67C20BBA64}.Debug|Any CPU.Build.0 = Debug|Any CPU
		{AC754D68-B807-47FA-AC61-5F67C20BBA64}.Debug|Any CPU.Deploy.0 = Debug|Any CPU
		{AC754D68-B807-47FA-AC61-5F67C20BBA64}.Release|Any CPU.ActiveCfg = Release|Any CPU
		{AC754D68-B807-47FA-AC61-5F67C20BBA64}.Release|Any CPU.Build.0 = Release|Any CPU
		{AC754D68-B807-47FA-AC61-5F67C20BBA64}.Release|Any CPU.Deploy.0 = Release|Any CPU
	EndGlobalSection
	GlobalSection(SolutionProperties) = preSolution
		HideSolutionNode = FALSE
	EndGlobalSection
EndGlobal
